
Microsoft Visual Studio Solution File, Format Version 12.00
# Visual Studio Version 17
VisualStudioVersion = 17.2.32519.379
MinimumVisualStudioVersion = 10.0.40219.1
Project("{FAE04EC0-301F-11D3-BF4B-00C04F79EFBC}") = "Custom-Doubly-Linked-List", "Custom-Doubly-Linked-List\Custom-Doubly-Linked-List.csproj", "{80277D45-25E2-4240-8600-CC544AFA0C33}"
EndProject
Global
	GlobalSection(SolutionConfigurationPlatforms) = preSolution
		Debug|Any CPU = Debug|Any CPU
		Release|Any CPU = Release|Any CPU
	EndGlobalSection
	GlobalSection(ProjectConfigurationPlatforms) = postSolution
		{80277D45-25E2-4240-8600-CC544AFA0C33}.Debug|Any CPU.ActiveCfg = Debug|Any CPU
		{80277D45-25E2-4240-8600-CC544AFA0C33}.Debug|Any CPU.Build.0 = Debug|Any CPU
		{80277D45-25E2-4240-8600-CC544AFA0C33}.Release|Any CPU.ActiveCfg = Release|Any CPU
		{80277D45-25E2-4240-8600-CC544AFA0C33}.Release|Any CPU.Build.0 = Release|Any CPU
	EndGlobalSection
	GlobalSection(SolutionProperties) = preSolution
		HideSolutionNode = FALSE
	EndGlobalSection
	GlobalSection(ExtensibilityGlobals) = postSolution
		SolutionGuid = {A94394E2-5D21-41AA-B414-08589C6E548B}
	EndGlobalSection
EndGlobal
