
Microsoft Visual Studio Solution File, Format Version 12.00
# Visual Studio Version 16
VisualStudioVersion = 16.0.32002.261
MinimumVisualStudioVersion = 10.0.40219.1
Project("{9A19103F-16F7-4668-BE54-9A1E7A4F7556}") = "01-Numbers-Ending-in-7", "01-Numbers-Ending-in-7\01-Numbers-Ending-in-7.csproj", "{0036DC10-9483-41CE-BD73-F4E3F08136A1}"
EndProject
Project("{9A19103F-16F7-4668-BE54-9A1E7A4F7556}") = "02-Half-Sum-Element", "02-Half-Sum-Element\02-Half-Sum-Element.csproj", "{680C9C14-AC71-4717-97AF-699240B269F7}"
EndProject
Project("{9A19103F-16F7-4668-BE54-9A1E7A4F7556}") = "03-Histogram", "03-Histogram\03-Histogram.csproj", "{4CACDEEB-DD16-4077-9F6C-11DBCD17D3D8}"
EndProject
Project("{9A19103F-16F7-4668-BE54-9A1E7A4F7556}") = "04-Clever-Lily", "04-Clever-Lily\04-Clever-Lily.csproj", "{710E1956-0247-4D8A-A6F2-B4B637507F52}"
EndProject
Project("{9A19103F-16F7-4668-BE54-9A1E7A4F7556}") = "05-Salary", "05-Salary\05-Salary.csproj", "{62279700-ACD7-4D7E-99EF-3581AF7A36CC}"
EndProject
Project("{9A19103F-16F7-4668-BE54-9A1E7A4F7556}") = "06-Oscars", "06-Oscars\06-Oscars.csproj", "{416058D8-7A08-4F1E-B30A-E023D63900FF}"
EndProject
Project("{9A19103F-16F7-4668-BE54-9A1E7A4F7556}") = "07-Trekking-Mania", "07-Trekking-Mania\07-Trekking-Mania.csproj", "{01C18C80-6740-43C6-A0F2-219249496FA7}"
EndProject
Project("{FAE04EC0-301F-11D3-BF4B-00C04F79EFBC}") = "08-Tennis-Ranklist", "08-Tennis-Ranklist\08-Tennis-Ranklist.csproj", "{44CD5083-3FB9-4F15-BA99-BC073D9B6D1C}"
EndProject
Global
	GlobalSection(SolutionConfigurationPlatforms) = preSolution
		Debug|Any CPU = Debug|Any CPU
		Release|Any CPU = Release|Any CPU
	EndGlobalSection
	GlobalSection(ProjectConfigurationPlatforms) = postSolution
		{0036DC10-9483-41CE-BD73-F4E3F08136A1}.Debug|Any CPU.ActiveCfg = Debug|Any CPU
		{0036DC10-9483-41CE-BD73-F4E3F08136A1}.Debug|Any CPU.Build.0 = Debug|Any CPU
		{0036DC10-9483-41CE-BD73-F4E3F08136A1}.Release|Any CPU.ActiveCfg = Release|Any CPU
		{0036DC10-9483-41CE-BD73-F4E3F08136A1}.Release|Any CPU.Build.0 = Release|Any CPU
		{680C9C14-AC71-4717-97AF-699240B269F7}.Debug|Any CPU.ActiveCfg = Debug|Any CPU
		{680C9C14-AC71-4717-97AF-699240B269F7}.Debug|Any CPU.Build.0 = Debug|Any CPU
		{680C9C14-AC71-4717-97AF-699240B269F7}.Release|Any CPU.ActiveCfg = Release|Any CPU
		{680C9C14-AC71-4717-97AF-699240B269F7}.Release|Any CPU.Build.0 = Release|Any CPU
		{4CACDEEB-DD16-4077-9F6C-11DBCD17D3D8}.Debug|Any CPU.ActiveCfg = Debug|Any CPU
		{4CACDEEB-DD16-4077-9F6C-11DBCD17D3D8}.Debug|Any CPU.Build.0 = Debug|Any CPU
		{4CACDEEB-DD16-4077-9F6C-11DBCD17D3D8}.Release|Any CPU.ActiveCfg = Release|Any CPU
		{4CACDEEB-DD16-4077-9F6C-11DBCD17D3D8}.Release|Any CPU.Build.0 = Release|Any CPU
		{710E1956-0247-4D8A-A6F2-B4B637507F52}.Debug|Any CPU.ActiveCfg = Debug|Any CPU
		{710E1956-0247-4D8A-A6F2-B4B637507F52}.Debug|Any CPU.Build.0 = Debug|Any CPU
		{710E1956-0247-4D8A-A6F2-B4B637507F52}.Release|Any CPU.ActiveCfg = Release|Any CPU
		{710E1956-0247-4D8A-A6F2-B4B637507F52}.Release|Any CPU.Build.0 = Release|Any CPU
		{62279700-ACD7-4D7E-99EF-3581AF7A36CC}.Debug|Any CPU.ActiveCfg = Debug|Any CPU
		{62279700-ACD7-4D7E-99EF-3581AF7A36CC}.Debug|Any CPU.Build.0 = Debug|Any CPU
		{62279700-ACD7-4D7E-99EF-3581AF7A36CC}.Release|Any CPU.ActiveCfg = Release|Any CPU
		{62279700-ACD7-4D7E-99EF-3581AF7A36CC}.Release|Any CPU.Build.0 = Release|Any CPU
		{416058D8-7A08-4F1E-B30A-E023D63900FF}.Debug|Any CPU.ActiveCfg = Debug|Any CPU
		{416058D8-7A08-4F1E-B30A-E023D63900FF}.Debug|Any CPU.Build.0 = Debug|Any CPU
		{416058D8-7A08-4F1E-B30A-E023D63900FF}.Release|Any CPU.ActiveCfg = Release|Any CPU
		{416058D8-7A08-4F1E-B30A-E023D63900FF}.Release|Any CPU.Build.0 = Release|Any CPU
		{01C18C80-6740-43C6-A0F2-219249496FA7}.Debug|Any CPU.ActiveCfg = Debug|Any CPU
		{01C18C80-6740-43C6-A0F2-219249496FA7}.Debug|Any CPU.Build.0 = Debug|Any CPU
		{01C18C80-6740-43C6-A0F2-219249496FA7}.Release|Any CPU.ActiveCfg = Release|Any CPU
		{01C18C80-6740-43C6-A0F2-219249496FA7}.Release|Any CPU.Build.0 = Release|Any CPU
		{44CD5083-3FB9-4F15-BA99-BC073D9B6D1C}.Debug|Any CPU.ActiveCfg = Debug|Any CPU
		{44CD5083-3FB9-4F15-BA99-BC073D9B6D1C}.Debug|Any CPU.Build.0 = Debug|Any CPU
		{44CD5083-3FB9-4F15-BA99-BC073D9B6D1C}.Release|Any CPU.ActiveCfg = Release|Any CPU
		{44CD5083-3FB9-4F15-BA99-BC073D9B6D1C}.Release|Any CPU.Build.0 = Release|Any CPU
	EndGlobalSection
	GlobalSection(SolutionProperties) = preSolution
		HideSolutionNode = FALSE
	EndGlobalSection
	GlobalSection(ExtensibilityGlobals) = postSolution
		SolutionGuid = {1A4162F7-1ACD-4D99-B298-75BF02A4CD1C}
	EndGlobalSection
EndGlobal
