
Microsoft Visual Studio Solution File, Format Version 12.00
# Visual Studio Version 17
VisualStudioVersion = 17.3.32929.385
MinimumVisualStudioVersion = 10.0.40219.1
Project("{FAE04EC0-301F-11D3-BF4B-00C04F79EFBC}") = "01-Square-Root", "01-Square-Root\01-Square-Root.csproj", "{47E93210-D73C-4E65-8DB9-055254A7E9BA}"
EndProject
Project("{FAE04EC0-301F-11D3-BF4B-00C04F79EFBC}") = "02-Enter-Numbers", "02-Enter-Numbers\02-Enter-Numbers.csproj", "{5F3D0BAF-2B2D-4006-965D-366B588F6A09}"
EndProject
Project("{FAE04EC0-301F-11D3-BF4B-00C04F79EFBC}") = "03-Cards", "03-Cards\03-Cards.csproj", "{C4C9355E-1F9A-4E9E-B4C4-03EEEDBE9B85}"
EndProject
Project("{FAE04EC0-301F-11D3-BF4B-00C04F79EFBC}") = "04-Sum-of-Integers", "04-Sum-of-Integers\04-Sum-of-Integers.csproj", "{6467C0B3-5D4A-46CB-AE9B-8A325F2BA753}"
EndProject
Global
	GlobalSection(SolutionConfigurationPlatforms) = preSolution
		Debug|Any CPU = Debug|Any CPU
		Release|Any CPU = Release|Any CPU
	EndGlobalSection
	GlobalSection(ProjectConfigurationPlatforms) = postSolution
		{47E93210-D73C-4E65-8DB9-055254A7E9BA}.Debug|Any CPU.ActiveCfg = Debug|Any CPU
		{47E93210-D73C-4E65-8DB9-055254A7E9BA}.Debug|Any CPU.Build.0 = Debug|Any CPU
		{47E93210-D73C-4E65-8DB9-055254A7E9BA}.Release|Any CPU.ActiveCfg = Release|Any CPU
		{47E93210-D73C-4E65-8DB9-055254A7E9BA}.Release|Any CPU.Build.0 = Release|Any CPU
		{5F3D0BAF-2B2D-4006-965D-366B588F6A09}.Debug|Any CPU.ActiveCfg = Debug|Any CPU
		{5F3D0BAF-2B2D-4006-965D-366B588F6A09}.Debug|Any CPU.Build.0 = Debug|Any CPU
		{5F3D0BAF-2B2D-4006-965D-366B588F6A09}.Release|Any CPU.ActiveCfg = Release|Any CPU
		{5F3D0BAF-2B2D-4006-965D-366B588F6A09}.Release|Any CPU.Build.0 = Release|Any CPU
		{C4C9355E-1F9A-4E9E-B4C4-03EEEDBE9B85}.Debug|Any CPU.ActiveCfg = Debug|Any CPU
		{C4C9355E-1F9A-4E9E-B4C4-03EEEDBE9B85}.Debug|Any CPU.Build.0 = Debug|Any CPU
		{C4C9355E-1F9A-4E9E-B4C4-03EEEDBE9B85}.Release|Any CPU.ActiveCfg = Release|Any CPU
		{C4C9355E-1F9A-4E9E-B4C4-03EEEDBE9B85}.Release|Any CPU.Build.0 = Release|Any CPU
		{6467C0B3-5D4A-46CB-AE9B-8A325F2BA753}.Debug|Any CPU.ActiveCfg = Debug|Any CPU
		{6467C0B3-5D4A-46CB-AE9B-8A325F2BA753}.Debug|Any CPU.Build.0 = Debug|Any CPU
		{6467C0B3-5D4A-46CB-AE9B-8A325F2BA753}.Release|Any CPU.ActiveCfg = Release|Any CPU
		{6467C0B3-5D4A-46CB-AE9B-8A325F2BA753}.Release|Any CPU.Build.0 = Release|Any CPU
	EndGlobalSection
	GlobalSection(SolutionProperties) = preSolution
		HideSolutionNode = FALSE
	EndGlobalSection
	GlobalSection(ExtensibilityGlobals) = postSolution
		SolutionGuid = {B7D372E6-B250-4682-9AB4-B4AE7FC2CB57}
	EndGlobalSection
EndGlobal
