
Microsoft Visual Studio Solution File, Format Version 12.00
# Visual Studio Version 17
VisualStudioVersion = 17.2.32519.379
MinimumVisualStudioVersion = 10.0.40219.1
Project("{9A19103F-16F7-4668-BE54-9A1E7A4F7556}") = "01-Car", "01-Car\01-Car.csproj", "{08DFCF0C-E076-4916-B2A1-70495590E732}"
EndProject
Project("{FAE04EC0-301F-11D3-BF4B-00C04F79EFBC}") = "02-Car-Extension", "02-Car-Extension\02-Car-Extension.csproj", "{37C67D9A-4E83-4E51-AB8F-DF876461F55F}"
EndProject
Project("{FAE04EC0-301F-11D3-BF4B-00C04F79EFBC}") = "03-Car-Constructors", "03-Car-Constructors\03-Car-Constructors.csproj", "{271A05BE-4E00-4E36-B4F3-689C53C81494}"
EndProject
Project("{FAE04EC0-301F-11D3-BF4B-00C04F79EFBC}") = "04-Car-Engine-And-Tires", "04-Car-Engine-And-Tires\04-Car-Engine-And-Tires.csproj", "{414A9EB8-2F1F-49CC-B433-B535B9D701C3}"
EndProject
Global
	GlobalSection(SolutionConfigurationPlatforms) = preSolution
		Debug|Any CPU = Debug|Any CPU
		Release|Any CPU = Release|Any CPU
	EndGlobalSection
	GlobalSection(ProjectConfigurationPlatforms) = postSolution
		{08DFCF0C-E076-4916-B2A1-70495590E732}.Debug|Any CPU.ActiveCfg = Debug|Any CPU
		{08DFCF0C-E076-4916-B2A1-70495590E732}.Debug|Any CPU.Build.0 = Debug|Any CPU
		{08DFCF0C-E076-4916-B2A1-70495590E732}.Release|Any CPU.ActiveCfg = Release|Any CPU
		{08DFCF0C-E076-4916-B2A1-70495590E732}.Release|Any CPU.Build.0 = Release|Any CPU
		{37C67D9A-4E83-4E51-AB8F-DF876461F55F}.Debug|Any CPU.ActiveCfg = Debug|Any CPU
		{37C67D9A-4E83-4E51-AB8F-DF876461F55F}.Debug|Any CPU.Build.0 = Debug|Any CPU
		{37C67D9A-4E83-4E51-AB8F-DF876461F55F}.Release|Any CPU.ActiveCfg = Release|Any CPU
		{37C67D9A-4E83-4E51-AB8F-DF876461F55F}.Release|Any CPU.Build.0 = Release|Any CPU
		{271A05BE-4E00-4E36-B4F3-689C53C81494}.Debug|Any CPU.ActiveCfg = Debug|Any CPU
		{271A05BE-4E00-4E36-B4F3-689C53C81494}.Debug|Any CPU.Build.0 = Debug|Any CPU
		{271A05BE-4E00-4E36-B4F3-689C53C81494}.Release|Any CPU.ActiveCfg = Release|Any CPU
		{271A05BE-4E00-4E36-B4F3-689C53C81494}.Release|Any CPU.Build.0 = Release|Any CPU
		{414A9EB8-2F1F-49CC-B433-B535B9D701C3}.Debug|Any CPU.ActiveCfg = Debug|Any CPU
		{414A9EB8-2F1F-49CC-B433-B535B9D701C3}.Debug|Any CPU.Build.0 = Debug|Any CPU
		{414A9EB8-2F1F-49CC-B433-B535B9D701C3}.Release|Any CPU.ActiveCfg = Release|Any CPU
		{414A9EB8-2F1F-49CC-B433-B535B9D701C3}.Release|Any CPU.Build.0 = Release|Any CPU
	EndGlobalSection
	GlobalSection(SolutionProperties) = preSolution
		HideSolutionNode = FALSE
	EndGlobalSection
	GlobalSection(ExtensibilityGlobals) = postSolution
		SolutionGuid = {A0CC468B-9BF5-484E-B4CF-7BEBE9E9D2A2}
	EndGlobalSection
EndGlobal
