
Microsoft Visual Studio Solution File, Format Version 12.00
# Visual Studio Version 17
VisualStudioVersion = 17.2.32519.379
MinimumVisualStudioVersion = 10.0.40219.1
Project("{9A19103F-16F7-4668-BE54-9A1E7A4F7556}") = "GenericBoxofString", "01-Generic-Box-of-String\GenericBoxofString.csproj", "{A8BD70EE-C732-4507-8CBE-E9EDA0BA4B7D}"
EndProject
Project("{FAE04EC0-301F-11D3-BF4B-00C04F79EFBC}") = "GenericBoxofInteger", "GenericBoxofInteger\GenericBoxofInteger.csproj", "{BFCF8D18-5E7C-4FB9-A7D3-82E36E00FBB8}"
EndProject
Global
	GlobalSection(SolutionConfigurationPlatforms) = preSolution
		Debug|Any CPU = Debug|Any CPU
		Release|Any CPU = Release|Any CPU
	EndGlobalSection
	GlobalSection(ProjectConfigurationPlatforms) = postSolution
		{A8BD70EE-C732-4507-8CBE-E9EDA0BA4B7D}.Debug|Any CPU.ActiveCfg = Debug|Any CPU
		{A8BD70EE-C732-4507-8CBE-E9EDA0BA4B7D}.Debug|Any CPU.Build.0 = Debug|Any CPU
		{A8BD70EE-C732-4507-8CBE-E9EDA0BA4B7D}.Release|Any CPU.ActiveCfg = Release|Any CPU
		{A8BD70EE-C732-4507-8CBE-E9EDA0BA4B7D}.Release|Any CPU.Build.0 = Release|Any CPU
		{BFCF8D18-5E7C-4FB9-A7D3-82E36E00FBB8}.Debug|Any CPU.ActiveCfg = Debug|Any CPU
		{BFCF8D18-5E7C-4FB9-A7D3-82E36E00FBB8}.Debug|Any CPU.Build.0 = Debug|Any CPU
		{BFCF8D18-5E7C-4FB9-A7D3-82E36E00FBB8}.Release|Any CPU.ActiveCfg = Release|Any CPU
		{BFCF8D18-5E7C-4FB9-A7D3-82E36E00FBB8}.Release|Any CPU.Build.0 = Release|Any CPU
	EndGlobalSection
	GlobalSection(SolutionProperties) = preSolution
		HideSolutionNode = FALSE
	EndGlobalSection
	GlobalSection(ExtensibilityGlobals) = postSolution
		SolutionGuid = {E2099C08-1C69-444D-9A72-D5ED4AF4ABB8}
	EndGlobalSection
EndGlobal
