
Microsoft Visual Studio Solution File, Format Version 12.00
# Visual Studio Version 17
VisualStudioVersion = 17.6.33723.286
MinimumVisualStudioVersion = 10.0.40219.1
Project("{FAE04EC0-301F-11D3-BF4B-00C04F79EFBC}") = "Forum.App", "Forum.App.csproj", "{FCB29839-7C79-4C74-9D8B-ABD08E3BF347}"
EndProject
Global
	GlobalSection(SolutionConfigurationPlatforms) = preSolution
		Debug|Any CPU = Debug|Any CPU
		Release|Any CPU = Release|Any CPU
	EndGlobalSection
	GlobalSection(ProjectConfigurationPlatforms) = postSolution
		{FCB29839-7C79-4C74-9D8B-ABD08E3BF347}.Debug|Any CPU.ActiveCfg = Debug|Any CPU
		{FCB29839-7C79-4C74-9D8B-ABD08E3BF347}.Debug|Any CPU.Build.0 = Debug|Any CPU
		{FCB29839-7C79-4C74-9D8B-ABD08E3BF347}.Release|Any CPU.ActiveCfg = Release|Any CPU
		{FCB29839-7C79-4C74-9D8B-ABD08E3BF347}.Release|Any CPU.Build.0 = Release|Any CPU
	EndGlobalSection
	GlobalSection(SolutionProperties) = preSolution
		HideSolutionNode = FALSE
	EndGlobalSection
	GlobalSection(ExtensibilityGlobals) = postSolution
		SolutionGuid = {C16B7AEE-AACA-4376-8DB6-4F448CCC1769}
	EndGlobalSection
EndGlobal
