
Microsoft Visual Studio Solution File, Format Version 12.00
# Visual Studio Version 17
VisualStudioVersion = 17.6.33723.286
MinimumVisualStudioVersion = 10.0.40219.1
Project("{9A19103F-16F7-4668-BE54-9A1E7A4F7556}") = "Forum.App", "Forum.App.csproj", "{44EB67E1-A678-422E-A567-CCA3451866D9}"
EndProject
Project("{FAE04EC0-301F-11D3-BF4B-00C04F79EFBC}") = "Forum.Data", "..\Forum.Data\Forum.Data.csproj", "{97A4AF2D-3ED3-4F41-BF89-DAFFA73FC2BD}"
EndProject
Project("{FAE04EC0-301F-11D3-BF4B-00C04F79EFBC}") = "Forum.Data.Models", "..\Forum.Data.Models\Forum.Data.Models.csproj", "{C975894E-4E8F-4FE3-A4E5-E981F7A5857F}"
EndProject
Project("{FAE04EC0-301F-11D3-BF4B-00C04F79EFBC}") = "Forum.Common", "..\Forum.Common\Forum.Common.csproj", "{3832582E-0419-4603-B581-589EF29C2569}"
EndProject
Project("{FAE04EC0-301F-11D3-BF4B-00C04F79EFBC}") = "Forum.ViewModels", "..\Forum.ViewModels\Forum.ViewModels.csproj", "{DEEC5DFC-226E-4A80-8670-BF126D9C3CEA}"
EndProject
Project("{FAE04EC0-301F-11D3-BF4B-00C04F79EFBC}") = "Forum.Services", "..\Forum.Services\Forum.Services.csproj", "{D903DADB-3D74-4ABC-AB5D-745CF45A0DFA}"
EndProject
Global
	GlobalSection(SolutionConfigurationPlatforms) = preSolution
		Debug|Any CPU = Debug|Any CPU
		Release|Any CPU = Release|Any CPU
	EndGlobalSection
	GlobalSection(ProjectConfigurationPlatforms) = postSolution
		{44EB67E1-A678-422E-A567-CCA3451866D9}.Debug|Any CPU.ActiveCfg = Debug|Any CPU
		{44EB67E1-A678-422E-A567-CCA3451866D9}.Debug|Any CPU.Build.0 = Debug|Any CPU
		{44EB67E1-A678-422E-A567-CCA3451866D9}.Release|Any CPU.ActiveCfg = Release|Any CPU
		{44EB67E1-A678-422E-A567-CCA3451866D9}.Release|Any CPU.Build.0 = Release|Any CPU
		{97A4AF2D-3ED3-4F41-BF89-DAFFA73FC2BD}.Debug|Any CPU.ActiveCfg = Debug|Any CPU
		{97A4AF2D-3ED3-4F41-BF89-DAFFA73FC2BD}.Debug|Any CPU.Build.0 = Debug|Any CPU
		{97A4AF2D-3ED3-4F41-BF89-DAFFA73FC2BD}.Release|Any CPU.ActiveCfg = Release|Any CPU
		{97A4AF2D-3ED3-4F41-BF89-DAFFA73FC2BD}.Release|Any CPU.Build.0 = Release|Any CPU
		{C975894E-4E8F-4FE3-A4E5-E981F7A5857F}.Debug|Any CPU.ActiveCfg = Debug|Any CPU
		{C975894E-4E8F-4FE3-A4E5-E981F7A5857F}.Debug|Any CPU.Build.0 = Debug|Any CPU
		{C975894E-4E8F-4FE3-A4E5-E981F7A5857F}.Release|Any CPU.ActiveCfg = Release|Any CPU
		{C975894E-4E8F-4FE3-A4E5-E981F7A5857F}.Release|Any CPU.Build.0 = Release|Any CPU
		{3832582E-0419-4603-B581-589EF29C2569}.Debug|Any CPU.ActiveCfg = Debug|Any CPU
		{3832582E-0419-4603-B581-589EF29C2569}.Debug|Any CPU.Build.0 = Debug|Any CPU
		{3832582E-0419-4603-B581-589EF29C2569}.Release|Any CPU.ActiveCfg = Release|Any CPU
		{3832582E-0419-4603-B581-589EF29C2569}.Release|Any CPU.Build.0 = Release|Any CPU
		{DEEC5DFC-226E-4A80-8670-BF126D9C3CEA}.Debug|Any CPU.ActiveCfg = Debug|Any CPU
		{DEEC5DFC-226E-4A80-8670-BF126D9C3CEA}.Debug|Any CPU.Build.0 = Debug|Any CPU
		{DEEC5DFC-226E-4A80-8670-BF126D9C3CEA}.Release|Any CPU.ActiveCfg = Release|Any CPU
		{DEEC5DFC-226E-4A80-8670-BF126D9C3CEA}.Release|Any CPU.Build.0 = Release|Any CPU
		{D903DADB-3D74-4ABC-AB5D-745CF45A0DFA}.Debug|Any CPU.ActiveCfg = Debug|Any CPU
		{D903DADB-3D74-4ABC-AB5D-745CF45A0DFA}.Debug|Any CPU.Build.0 = Debug|Any CPU
		{D903DADB-3D74-4ABC-AB5D-745CF45A0DFA}.Release|Any CPU.ActiveCfg = Release|Any CPU
		{D903DADB-3D74-4ABC-AB5D-745CF45A0DFA}.Release|Any CPU.Build.0 = Release|Any CPU
	EndGlobalSection
	GlobalSection(SolutionProperties) = preSolution
		HideSolutionNode = FALSE
	EndGlobalSection
	GlobalSection(ExtensibilityGlobals) = postSolution
		SolutionGuid = {FFB8E444-F2A7-4A7F-B44C-D2F5A0C8B498}
	EndGlobalSection
EndGlobal
