
Microsoft Visual Studio Solution File, Format Version 12.00
# Visual Studio Version 17
VisualStudioVersion = 17.2.32519.379
MinimumVisualStudioVersion = 10.0.40219.1
Project("{9A19103F-16F7-4668-BE54-9A1E7A4F7556}") = "01-Unique-Usernames", "01-Unique-Usernames\01-Unique-Usernames.csproj", "{20C6E4BB-8D97-4E41-853B-F9493A1EA637}"
EndProject
Project("{9A19103F-16F7-4668-BE54-9A1E7A4F7556}") = "02-Sets-of-Elements", "02-Sets-of-Elements\02-Sets-of-Elements.csproj", "{85A558AD-81A5-4C34-86E4-A06A7F31350F}"
EndProject
Project("{9A19103F-16F7-4668-BE54-9A1E7A4F7556}") = "03-Periodic-Table", "03-Periodic-Table\03-Periodic-Table.csproj", "{847AF556-38BD-485D-8C04-FDF246DF0B3C}"
EndProject
Project("{9A19103F-16F7-4668-BE54-9A1E7A4F7556}") = "04-Even-Times", "04-Even-Times\04-Even-Times.csproj", "{3B58FB06-FBB1-4578-884A-42E74F39FAC8}"
EndProject
Project("{9A19103F-16F7-4668-BE54-9A1E7A4F7556}") = "05-Count-Symbols", "05-Count-Symbols\05-Count-Symbols.csproj", "{BA7AA4F8-F53B-44E8-B619-834CFC92823A}"
EndProject
Project("{9A19103F-16F7-4668-BE54-9A1E7A4F7556}") = "06-Wardrobe", "06-Wardrobe\06-Wardrobe.csproj", "{7B081F8B-5257-4E26-89AE-2743B544E967}"
EndProject
Project("{FAE04EC0-301F-11D3-BF4B-00C04F79EFBC}") = "07-The-V-Logger", "07-The-V-Logger\07-The-V-Logger.csproj", "{26394039-1F0F-4DCD-A79F-71703433872A}"
EndProject
Global
	GlobalSection(SolutionConfigurationPlatforms) = preSolution
		Debug|Any CPU = Debug|Any CPU
		Release|Any CPU = Release|Any CPU
	EndGlobalSection
	GlobalSection(ProjectConfigurationPlatforms) = postSolution
		{20C6E4BB-8D97-4E41-853B-F9493A1EA637}.Debug|Any CPU.ActiveCfg = Debug|Any CPU
		{20C6E4BB-8D97-4E41-853B-F9493A1EA637}.Debug|Any CPU.Build.0 = Debug|Any CPU
		{20C6E4BB-8D97-4E41-853B-F9493A1EA637}.Release|Any CPU.ActiveCfg = Release|Any CPU
		{20C6E4BB-8D97-4E41-853B-F9493A1EA637}.Release|Any CPU.Build.0 = Release|Any CPU
		{85A558AD-81A5-4C34-86E4-A06A7F31350F}.Debug|Any CPU.ActiveCfg = Debug|Any CPU
		{85A558AD-81A5-4C34-86E4-A06A7F31350F}.Debug|Any CPU.Build.0 = Debug|Any CPU
		{85A558AD-81A5-4C34-86E4-A06A7F31350F}.Release|Any CPU.ActiveCfg = Release|Any CPU
		{85A558AD-81A5-4C34-86E4-A06A7F31350F}.Release|Any CPU.Build.0 = Release|Any CPU
		{847AF556-38BD-485D-8C04-FDF246DF0B3C}.Debug|Any CPU.ActiveCfg = Debug|Any CPU
		{847AF556-38BD-485D-8C04-FDF246DF0B3C}.Debug|Any CPU.Build.0 = Debug|Any CPU
		{847AF556-38BD-485D-8C04-FDF246DF0B3C}.Release|Any CPU.ActiveCfg = Release|Any CPU
		{847AF556-38BD-485D-8C04-FDF246DF0B3C}.Release|Any CPU.Build.0 = Release|Any CPU
		{3B58FB06-FBB1-4578-884A-42E74F39FAC8}.Debug|Any CPU.ActiveCfg = Debug|Any CPU
		{3B58FB06-FBB1-4578-884A-42E74F39FAC8}.Debug|Any CPU.Build.0 = Debug|Any CPU
		{3B58FB06-FBB1-4578-884A-42E74F39FAC8}.Release|Any CPU.ActiveCfg = Release|Any CPU
		{3B58FB06-FBB1-4578-884A-42E74F39FAC8}.Release|Any CPU.Build.0 = Release|Any CPU
		{BA7AA4F8-F53B-44E8-B619-834CFC92823A}.Debug|Any CPU.ActiveCfg = Debug|Any CPU
		{BA7AA4F8-F53B-44E8-B619-834CFC92823A}.Debug|Any CPU.Build.0 = Debug|Any CPU
		{BA7AA4F8-F53B-44E8-B619-834CFC92823A}.Release|Any CPU.ActiveCfg = Release|Any CPU
		{BA7AA4F8-F53B-44E8-B619-834CFC92823A}.Release|Any CPU.Build.0 = Release|Any CPU
		{7B081F8B-5257-4E26-89AE-2743B544E967}.Debug|Any CPU.ActiveCfg = Debug|Any CPU
		{7B081F8B-5257-4E26-89AE-2743B544E967}.Debug|Any CPU.Build.0 = Debug|Any CPU
		{7B081F8B-5257-4E26-89AE-2743B544E967}.Release|Any CPU.ActiveCfg = Release|Any CPU
		{7B081F8B-5257-4E26-89AE-2743B544E967}.Release|Any CPU.Build.0 = Release|Any CPU
		{26394039-1F0F-4DCD-A79F-71703433872A}.Debug|Any CPU.ActiveCfg = Debug|Any CPU
		{26394039-1F0F-4DCD-A79F-71703433872A}.Debug|Any CPU.Build.0 = Debug|Any CPU
		{26394039-1F0F-4DCD-A79F-71703433872A}.Release|Any CPU.ActiveCfg = Release|Any CPU
		{26394039-1F0F-4DCD-A79F-71703433872A}.Release|Any CPU.Build.0 = Release|Any CPU
	EndGlobalSection
	GlobalSection(SolutionProperties) = preSolution
		HideSolutionNode = FALSE
	EndGlobalSection
	GlobalSection(ExtensibilityGlobals) = postSolution
		SolutionGuid = {99ACBD1E-BB50-4BC6-B134-B1E3B6F6EE1E}
	EndGlobalSection
EndGlobal
