
Microsoft Visual Studio Solution File, Format Version 12.00
# Visual Studio Version 17
VisualStudioVersion = 17.2.32519.379
MinimumVisualStudioVersion = 10.0.40219.1
Project("{FAE04EC0-301F-11D3-BF4B-00C04F79EFBC}") = "BoxOfT", "01-Box\BoxOfT.csproj", "{694079A8-A3D0-4115-BBE3-9D98031341C2}"
EndProject
Project("{FAE04EC0-301F-11D3-BF4B-00C04F79EFBC}") = "GenericArrayCreator", "GenericArrayCreator\GenericArrayCreator.csproj", "{DFDF0074-0AFC-4F41-B9B8-B35EDF21B067}"
EndProject
Project("{FAE04EC0-301F-11D3-BF4B-00C04F79EFBC}") = "GenericScale", "GenericScale\GenericScale.csproj", "{5D5D07A0-3C97-4A05-8CCF-0B8B3CFA2B83}"
EndProject
Global
	GlobalSection(SolutionConfigurationPlatforms) = preSolution
		Debug|Any CPU = Debug|Any CPU
		Release|Any CPU = Release|Any CPU
	EndGlobalSection
	GlobalSection(ProjectConfigurationPlatforms) = postSolution
		{694079A8-A3D0-4115-BBE3-9D98031341C2}.Debug|Any CPU.ActiveCfg = Debug|Any CPU
		{694079A8-A3D0-4115-BBE3-9D98031341C2}.Debug|Any CPU.Build.0 = Debug|Any CPU
		{694079A8-A3D0-4115-BBE3-9D98031341C2}.Release|Any CPU.ActiveCfg = Release|Any CPU
		{694079A8-A3D0-4115-BBE3-9D98031341C2}.Release|Any CPU.Build.0 = Release|Any CPU
		{DFDF0074-0AFC-4F41-B9B8-B35EDF21B067}.Debug|Any CPU.ActiveCfg = Debug|Any CPU
		{DFDF0074-0AFC-4F41-B9B8-B35EDF21B067}.Debug|Any CPU.Build.0 = Debug|Any CPU
		{DFDF0074-0AFC-4F41-B9B8-B35EDF21B067}.Release|Any CPU.ActiveCfg = Release|Any CPU
		{DFDF0074-0AFC-4F41-B9B8-B35EDF21B067}.Release|Any CPU.Build.0 = Release|Any CPU
		{5D5D07A0-3C97-4A05-8CCF-0B8B3CFA2B83}.Debug|Any CPU.ActiveCfg = Debug|Any CPU
		{5D5D07A0-3C97-4A05-8CCF-0B8B3CFA2B83}.Debug|Any CPU.Build.0 = Debug|Any CPU
		{5D5D07A0-3C97-4A05-8CCF-0B8B3CFA2B83}.Release|Any CPU.ActiveCfg = Release|Any CPU
		{5D5D07A0-3C97-4A05-8CCF-0B8B3CFA2B83}.Release|Any CPU.Build.0 = Release|Any CPU
	EndGlobalSection
	GlobalSection(SolutionProperties) = preSolution
		HideSolutionNode = FALSE
	EndGlobalSection
	GlobalSection(ExtensibilityGlobals) = postSolution
		SolutionGuid = {D72C6FAB-3A24-412B-A34D-58A45391ACA4}
	EndGlobalSection
EndGlobal
