
Microsoft Visual Studio Solution File, Format Version 12.00
# Visual Studio Version 17
VisualStudioVersion = 17.3.32929.385
MinimumVisualStudioVersion = 10.0.40219.1
Project("{9A19103F-16F7-4668-BE54-9A1E7A4F7556}") = "01-Define-an-Interface-IPerson", "01-Define-an-Interface-IPerson\01-Define-an-Interface-IPerson.csproj", "{BFE75C9E-A2FB-4D42-A435-7A601D86889D}"
EndProject
Project("{9A19103F-16F7-4668-BE54-9A1E7A4F7556}") = "02-Multiple-Implementation", "02-Multiple-Implementation\02-Multiple-Implementation.csproj", "{0DD14F13-EFDE-4B52-82DD-73E3A8FA082A}"
EndProject
Project("{9A19103F-16F7-4668-BE54-9A1E7A4F7556}") = "03-Telephony", "03-Telephony\03-Telephony.csproj", "{120CA3AF-DB46-40DF-B8DB-321948892041}"
EndProject
Project("{FAE04EC0-301F-11D3-BF4B-00C04F79EFBC}") = "04-Border-Control", "04-Border-Control\04-Border-Control.csproj", "{539317F5-DF0A-427D-AB1B-8A0409B51297}"
EndProject
Project("{FAE04EC0-301F-11D3-BF4B-00C04F79EFBC}") = "05-Birthday-Celebrations", "05-Birthday-Celebrations\05-Birthday-Celebrations.csproj", "{745B68FF-7E9E-4F9D-ACA5-AF6504F8CC9B}"
EndProject
Global
	GlobalSection(SolutionConfigurationPlatforms) = preSolution
		Debug|Any CPU = Debug|Any CPU
		Release|Any CPU = Release|Any CPU
	EndGlobalSection
	GlobalSection(ProjectConfigurationPlatforms) = postSolution
		{BFE75C9E-A2FB-4D42-A435-7A601D86889D}.Debug|Any CPU.ActiveCfg = Debug|Any CPU
		{BFE75C9E-A2FB-4D42-A435-7A601D86889D}.Debug|Any CPU.Build.0 = Debug|Any CPU
		{BFE75C9E-A2FB-4D42-A435-7A601D86889D}.Release|Any CPU.ActiveCfg = Release|Any CPU
		{BFE75C9E-A2FB-4D42-A435-7A601D86889D}.Release|Any CPU.Build.0 = Release|Any CPU
		{0DD14F13-EFDE-4B52-82DD-73E3A8FA082A}.Debug|Any CPU.ActiveCfg = Debug|Any CPU
		{0DD14F13-EFDE-4B52-82DD-73E3A8FA082A}.Debug|Any CPU.Build.0 = Debug|Any CPU
		{0DD14F13-EFDE-4B52-82DD-73E3A8FA082A}.Release|Any CPU.ActiveCfg = Release|Any CPU
		{0DD14F13-EFDE-4B52-82DD-73E3A8FA082A}.Release|Any CPU.Build.0 = Release|Any CPU
		{120CA3AF-DB46-40DF-B8DB-321948892041}.Debug|Any CPU.ActiveCfg = Debug|Any CPU
		{120CA3AF-DB46-40DF-B8DB-321948892041}.Debug|Any CPU.Build.0 = Debug|Any CPU
		{120CA3AF-DB46-40DF-B8DB-321948892041}.Release|Any CPU.ActiveCfg = Release|Any CPU
		{120CA3AF-DB46-40DF-B8DB-321948892041}.Release|Any CPU.Build.0 = Release|Any CPU
		{539317F5-DF0A-427D-AB1B-8A0409B51297}.Debug|Any CPU.ActiveCfg = Debug|Any CPU
		{539317F5-DF0A-427D-AB1B-8A0409B51297}.Debug|Any CPU.Build.0 = Debug|Any CPU
		{539317F5-DF0A-427D-AB1B-8A0409B51297}.Release|Any CPU.ActiveCfg = Release|Any CPU
		{539317F5-DF0A-427D-AB1B-8A0409B51297}.Release|Any CPU.Build.0 = Release|Any CPU
		{745B68FF-7E9E-4F9D-ACA5-AF6504F8CC9B}.Debug|Any CPU.ActiveCfg = Debug|Any CPU
		{745B68FF-7E9E-4F9D-ACA5-AF6504F8CC9B}.Debug|Any CPU.Build.0 = Debug|Any CPU
		{745B68FF-7E9E-4F9D-ACA5-AF6504F8CC9B}.Release|Any CPU.ActiveCfg = Release|Any CPU
		{745B68FF-7E9E-4F9D-ACA5-AF6504F8CC9B}.Release|Any CPU.Build.0 = Release|Any CPU
	EndGlobalSection
	GlobalSection(SolutionProperties) = preSolution
		HideSolutionNode = FALSE
	EndGlobalSection
	GlobalSection(ExtensibilityGlobals) = postSolution
		SolutionGuid = {FF7C03D2-7D67-4EC9-A887-F9427A8BC7CA}
	EndGlobalSection
EndGlobal
