
Microsoft Visual Studio Solution File, Format Version 12.00
# Visual Studio Version 17
VisualStudioVersion = 17.6.33723.286
MinimumVisualStudioVersion = 10.0.40219.1
Project("{FAE04EC0-301F-11D3-BF4B-00C04F79EFBC}") = "ForumApp", "ForumApp.csproj", "{D36176CC-B355-4F41-B070-AD25083185DB}"
EndProject
Project("{FAE04EC0-301F-11D3-BF4B-00C04F79EFBC}") = "ForumApp.Data", "..\ForumApp.Infrastructure\ForumApp.Data.csproj", "{4644FDFE-3D80-41D3-8FF7-C84D1A807C6C}"
EndProject
Project("{FAE04EC0-301F-11D3-BF4B-00C04F79EFBC}") = "ForumApp.Common", "..\ForumApp.Common\ForumApp.Common.csproj", "{4B7D8EEE-25C9-4A45-9F05-CF028F000FAE}"
EndProject
Global
	GlobalSection(SolutionConfigurationPlatforms) = preSolution
		Debug|Any CPU = Debug|Any CPU
		Release|Any CPU = Release|Any CPU
	EndGlobalSection
	GlobalSection(ProjectConfigurationPlatforms) = postSolution
		{D36176CC-B355-4F41-B070-AD25083185DB}.Debug|Any CPU.ActiveCfg = Debug|Any CPU
		{D36176CC-B355-4F41-B070-AD25083185DB}.Debug|Any CPU.Build.0 = Debug|Any CPU
		{D36176CC-B355-4F41-B070-AD25083185DB}.Release|Any CPU.ActiveCfg = Release|Any CPU
		{D36176CC-B355-4F41-B070-AD25083185DB}.Release|Any CPU.Build.0 = Release|Any CPU
		{4644FDFE-3D80-41D3-8FF7-C84D1A807C6C}.Debug|Any CPU.ActiveCfg = Debug|Any CPU
		{4644FDFE-3D80-41D3-8FF7-C84D1A807C6C}.Debug|Any CPU.Build.0 = Debug|Any CPU
		{4644FDFE-3D80-41D3-8FF7-C84D1A807C6C}.Release|Any CPU.ActiveCfg = Release|Any CPU
		{4644FDFE-3D80-41D3-8FF7-C84D1A807C6C}.Release|Any CPU.Build.0 = Release|Any CPU
		{4B7D8EEE-25C9-4A45-9F05-CF028F000FAE}.Debug|Any CPU.ActiveCfg = Debug|Any CPU
		{4B7D8EEE-25C9-4A45-9F05-CF028F000FAE}.Debug|Any CPU.Build.0 = Debug|Any CPU
		{4B7D8EEE-25C9-4A45-9F05-CF028F000FAE}.Release|Any CPU.ActiveCfg = Release|Any CPU
		{4B7D8EEE-25C9-4A45-9F05-CF028F000FAE}.Release|Any CPU.Build.0 = Release|Any CPU
	EndGlobalSection
	GlobalSection(SolutionProperties) = preSolution
		HideSolutionNode = FALSE
	EndGlobalSection
	GlobalSection(ExtensibilityGlobals) = postSolution
		SolutionGuid = {D7C1B056-5404-44B9-89A1-452995A9DD0A}
	EndGlobalSection
EndGlobal
