
Microsoft Visual Studio Solution File, Format Version 12.00
# Visual Studio Version 17
VisualStudioVersion = 17.2.32519.379
MinimumVisualStudioVersion = 10.0.40219.1
Project("{9A19103F-16F7-4668-BE54-9A1E7A4F7556}") = "01-Secret-Chat", "01-Secret-Chat\01-Secret-Chat.csproj", "{A2915179-070D-49AE-BE93-E9E16B1AECCF}"
EndProject
Project("{9A19103F-16F7-4668-BE54-9A1E7A4F7556}") = "02-Mirror-Words", "02-Mirror-Words\02-Mirror-Words.csproj", "{B411D05F-6C86-4D7C-9D94-A8B1AAC658D8}"
EndProject
Project("{9A19103F-16F7-4668-BE54-9A1E7A4F7556}") = "03-Need-for-Speed-III", "03-Need-for-Speed-III\03-Need-for-Speed-III.csproj", "{256A7A71-1157-4C04-B632-A41BCD8431D4}"
EndProject
Project("{9A19103F-16F7-4668-BE54-9A1E7A4F7556}") = "04-The-Imitation-Game", "04-The-Imitation-Game\04-The-Imitation-Game.csproj", "{0FDBAC1E-2019-4F7B-8250-24DD1CB46449}"
EndProject
Project("{9A19103F-16F7-4668-BE54-9A1E7A4F7556}") = "05-Ad-Astra", "05-Ad-Astra\05-Ad-Astra.csproj", "{7C7B8EEF-CEF2-44D3-A9C2-7E118DD00BC6}"
EndProject
Project("{9A19103F-16F7-4668-BE54-9A1E7A4F7556}") = "06-The-Pianist", "06-The-Pianist\06-The-Pianist.csproj", "{500EF1E6-12A8-4BA0-8C96-24514ABBB78C}"
EndProject
Project("{9A19103F-16F7-4668-BE54-9A1E7A4F7556}") = "07-World-Tour", "07-World-Tour\07-World-Tour.csproj", "{67F10583-B62F-4BAB-A024-52E051ACC8CA}"
EndProject
Project("{9A19103F-16F7-4668-BE54-9A1E7A4F7556}") = "10-Destination-Mapper", "10-Destination-Mapper\10-Destination-Mapper.csproj", "{2C30B9A2-7603-4A75-97E5-1A2D698D3681}"
EndProject
Project("{9A19103F-16F7-4668-BE54-9A1E7A4F7556}") = "11-Plant-Discovery", "11-Plant-Discovery\11-Plant-Discovery.csproj", "{17F67608-3F9A-4326-A4AD-AED31658D934}"
EndProject
Project("{FAE04EC0-301F-11D3-BF4B-00C04F79EFBC}") = "12-Password-Reset", "12-Password-Reset\12-Password-Reset.csproj", "{8A9014A1-1154-40D2-9CDB-73D68FD583E0}"
EndProject
Project("{FAE04EC0-301F-11D3-BF4B-00C04F79EFBC}") = "13-Fancy-Barcodes", "13-Fancy-Barcodes\13-Fancy-Barcodes.csproj", "{9CCA3F77-394D-4362-BDE8-A5022F339930}"
EndProject
Project("{FAE04EC0-301F-11D3-BF4B-00C04F79EFBC}") = "14-HeroesOfCodeAndLogicVII", "14-HeroesOfCodeAndLogicVII\14-HeroesOfCodeAndLogicVII.csproj", "{CE03D502-9B50-4B6A-A6EC-C9C0EF661E6C}"
EndProject
Project("{FAE04EC0-301F-11D3-BF4B-00C04F79EFBC}") = "15-Activation-Keys", "15-Activation-Keys\15-Activation-Keys.csproj", "{AF79B72D-D85D-45E1-B4AA-E8790DF5AFDC}"
EndProject
Project("{FAE04EC0-301F-11D3-BF4B-00C04F79EFBC}") = "16-Emoji-Detector", "16-Emoji-Detector\16-Emoji-Detector.csproj", "{5001FCB4-56D3-4DDC-83CA-DD6792DA2F36}"
EndProject
Project("{FAE04EC0-301F-11D3-BF4B-00C04F79EFBC}") = "17-P!rates", "17-P!rates\17-P!rates.csproj", "{427863F4-53CF-49CB-8C5D-430198D43FC1}"
EndProject
Global
	GlobalSection(SolutionConfigurationPlatforms) = preSolution
		Debug|Any CPU = Debug|Any CPU
		Release|Any CPU = Release|Any CPU
	EndGlobalSection
	GlobalSection(ProjectConfigurationPlatforms) = postSolution
		{A2915179-070D-49AE-BE93-E9E16B1AECCF}.Debug|Any CPU.ActiveCfg = Debug|Any CPU
		{A2915179-070D-49AE-BE93-E9E16B1AECCF}.Debug|Any CPU.Build.0 = Debug|Any CPU
		{A2915179-070D-49AE-BE93-E9E16B1AECCF}.Release|Any CPU.ActiveCfg = Release|Any CPU
		{A2915179-070D-49AE-BE93-E9E16B1AECCF}.Release|Any CPU.Build.0 = Release|Any CPU
		{B411D05F-6C86-4D7C-9D94-A8B1AAC658D8}.Debug|Any CPU.ActiveCfg = Debug|Any CPU
		{B411D05F-6C86-4D7C-9D94-A8B1AAC658D8}.Debug|Any CPU.Build.0 = Debug|Any CPU
		{B411D05F-6C86-4D7C-9D94-A8B1AAC658D8}.Release|Any CPU.ActiveCfg = Release|Any CPU
		{B411D05F-6C86-4D7C-9D94-A8B1AAC658D8}.Release|Any CPU.Build.0 = Release|Any CPU
		{256A7A71-1157-4C04-B632-A41BCD8431D4}.Debug|Any CPU.ActiveCfg = Debug|Any CPU
		{256A7A71-1157-4C04-B632-A41BCD8431D4}.Debug|Any CPU.Build.0 = Debug|Any CPU
		{256A7A71-1157-4C04-B632-A41BCD8431D4}.Release|Any CPU.ActiveCfg = Release|Any CPU
		{256A7A71-1157-4C04-B632-A41BCD8431D4}.Release|Any CPU.Build.0 = Release|Any CPU
		{0FDBAC1E-2019-4F7B-8250-24DD1CB46449}.Debug|Any CPU.ActiveCfg = Debug|Any CPU
		{0FDBAC1E-2019-4F7B-8250-24DD1CB46449}.Debug|Any CPU.Build.0 = Debug|Any CPU
		{0FDBAC1E-2019-4F7B-8250-24DD1CB46449}.Release|Any CPU.ActiveCfg = Release|Any CPU
		{0FDBAC1E-2019-4F7B-8250-24DD1CB46449}.Release|Any CPU.Build.0 = Release|Any CPU
		{7C7B8EEF-CEF2-44D3-A9C2-7E118DD00BC6}.Debug|Any CPU.ActiveCfg = Debug|Any CPU
		{7C7B8EEF-CEF2-44D3-A9C2-7E118DD00BC6}.Debug|Any CPU.Build.0 = Debug|Any CPU
		{7C7B8EEF-CEF2-44D3-A9C2-7E118DD00BC6}.Release|Any CPU.ActiveCfg = Release|Any CPU
		{7C7B8EEF-CEF2-44D3-A9C2-7E118DD00BC6}.Release|Any CPU.Build.0 = Release|Any CPU
		{500EF1E6-12A8-4BA0-8C96-24514ABBB78C}.Debug|Any CPU.ActiveCfg = Debug|Any CPU
		{500EF1E6-12A8-4BA0-8C96-24514ABBB78C}.Debug|Any CPU.Build.0 = Debug|Any CPU
		{500EF1E6-12A8-4BA0-8C96-24514ABBB78C}.Release|Any CPU.ActiveCfg = Release|Any CPU
		{500EF1E6-12A8-4BA0-8C96-24514ABBB78C}.Release|Any CPU.Build.0 = Release|Any CPU
		{67F10583-B62F-4BAB-A024-52E051ACC8CA}.Debug|Any CPU.ActiveCfg = Debug|Any CPU
		{67F10583-B62F-4BAB-A024-52E051ACC8CA}.Debug|Any CPU.Build.0 = Debug|Any CPU
		{67F10583-B62F-4BAB-A024-52E051ACC8CA}.Release|Any CPU.ActiveCfg = Release|Any CPU
		{67F10583-B62F-4BAB-A024-52E051ACC8CA}.Release|Any CPU.Build.0 = Release|Any CPU
		{2C30B9A2-7603-4A75-97E5-1A2D698D3681}.Debug|Any CPU.ActiveCfg = Debug|Any CPU
		{2C30B9A2-7603-4A75-97E5-1A2D698D3681}.Debug|Any CPU.Build.0 = Debug|Any CPU
		{2C30B9A2-7603-4A75-97E5-1A2D698D3681}.Release|Any CPU.ActiveCfg = Release|Any CPU
		{2C30B9A2-7603-4A75-97E5-1A2D698D3681}.Release|Any CPU.Build.0 = Release|Any CPU
		{17F67608-3F9A-4326-A4AD-AED31658D934}.Debug|Any CPU.ActiveCfg = Debug|Any CPU
		{17F67608-3F9A-4326-A4AD-AED31658D934}.Debug|Any CPU.Build.0 = Debug|Any CPU
		{17F67608-3F9A-4326-A4AD-AED31658D934}.Release|Any CPU.ActiveCfg = Release|Any CPU
		{17F67608-3F9A-4326-A4AD-AED31658D934}.Release|Any CPU.Build.0 = Release|Any CPU
		{8A9014A1-1154-40D2-9CDB-73D68FD583E0}.Debug|Any CPU.ActiveCfg = Debug|Any CPU
		{8A9014A1-1154-40D2-9CDB-73D68FD583E0}.Debug|Any CPU.Build.0 = Debug|Any CPU
		{8A9014A1-1154-40D2-9CDB-73D68FD583E0}.Release|Any CPU.ActiveCfg = Release|Any CPU
		{8A9014A1-1154-40D2-9CDB-73D68FD583E0}.Release|Any CPU.Build.0 = Release|Any CPU
		{9CCA3F77-394D-4362-BDE8-A5022F339930}.Debug|Any CPU.ActiveCfg = Debug|Any CPU
		{9CCA3F77-394D-4362-BDE8-A5022F339930}.Debug|Any CPU.Build.0 = Debug|Any CPU
		{9CCA3F77-394D-4362-BDE8-A5022F339930}.Release|Any CPU.ActiveCfg = Release|Any CPU
		{9CCA3F77-394D-4362-BDE8-A5022F339930}.Release|Any CPU.Build.0 = Release|Any CPU
		{CE03D502-9B50-4B6A-A6EC-C9C0EF661E6C}.Debug|Any CPU.ActiveCfg = Debug|Any CPU
		{CE03D502-9B50-4B6A-A6EC-C9C0EF661E6C}.Debug|Any CPU.Build.0 = Debug|Any CPU
		{CE03D502-9B50-4B6A-A6EC-C9C0EF661E6C}.Release|Any CPU.ActiveCfg = Release|Any CPU
		{CE03D502-9B50-4B6A-A6EC-C9C0EF661E6C}.Release|Any CPU.Build.0 = Release|Any CPU
		{AF79B72D-D85D-45E1-B4AA-E8790DF5AFDC}.Debug|Any CPU.ActiveCfg = Debug|Any CPU
		{AF79B72D-D85D-45E1-B4AA-E8790DF5AFDC}.Debug|Any CPU.Build.0 = Debug|Any CPU
		{AF79B72D-D85D-45E1-B4AA-E8790DF5AFDC}.Release|Any CPU.ActiveCfg = Release|Any CPU
		{AF79B72D-D85D-45E1-B4AA-E8790DF5AFDC}.Release|Any CPU.Build.0 = Release|Any CPU
		{5001FCB4-56D3-4DDC-83CA-DD6792DA2F36}.Debug|Any CPU.ActiveCfg = Debug|Any CPU
		{5001FCB4-56D3-4DDC-83CA-DD6792DA2F36}.Debug|Any CPU.Build.0 = Debug|Any CPU
		{5001FCB4-56D3-4DDC-83CA-DD6792DA2F36}.Release|Any CPU.ActiveCfg = Release|Any CPU
		{5001FCB4-56D3-4DDC-83CA-DD6792DA2F36}.Release|Any CPU.Build.0 = Release|Any CPU
		{427863F4-53CF-49CB-8C5D-430198D43FC1}.Debug|Any CPU.ActiveCfg = Debug|Any CPU
		{427863F4-53CF-49CB-8C5D-430198D43FC1}.Debug|Any CPU.Build.0 = Debug|Any CPU
		{427863F4-53CF-49CB-8C5D-430198D43FC1}.Release|Any CPU.ActiveCfg = Release|Any CPU
		{427863F4-53CF-49CB-8C5D-430198D43FC1}.Release|Any CPU.Build.0 = Release|Any CPU
	EndGlobalSection
	GlobalSection(SolutionProperties) = preSolution
		HideSolutionNode = FALSE
	EndGlobalSection
	GlobalSection(ExtensibilityGlobals) = postSolution
		SolutionGuid = {C63D6841-765C-4C3D-92A8-080FD3C45FF6}
	EndGlobalSection
EndGlobal
