
Microsoft Visual Studio Solution File, Format Version 12.00
# Visual Studio Version 17
VisualStudioVersion = 17.3.32929.385
MinimumVisualStudioVersion = 10.0.40219.1
Project("{FAE04EC0-301F-11D3-BF4B-00C04F79EFBC}") = "01-Stealer", "01-Stealer\01-Stealer.csproj", "{F737B1C8-1793-4A32-BE46-A68C2F6D7689}"
EndProject
Global
	GlobalSection(SolutionConfigurationPlatforms) = preSolution
		Debug|Any CPU = Debug|Any CPU
		Release|Any CPU = Release|Any CPU
	EndGlobalSection
	GlobalSection(ProjectConfigurationPlatforms) = postSolution
		{F737B1C8-1793-4A32-BE46-A68C2F6D7689}.Debug|Any CPU.ActiveCfg = Debug|Any CPU
		{F737B1C8-1793-4A32-BE46-A68C2F6D7689}.Debug|Any CPU.Build.0 = Debug|Any CPU
		{F737B1C8-1793-4A32-BE46-A68C2F6D7689}.Release|Any CPU.ActiveCfg = Release|Any CPU
		{F737B1C8-1793-4A32-BE46-A68C2F6D7689}.Release|Any CPU.Build.0 = Release|Any CPU
	EndGlobalSection
	GlobalSection(SolutionProperties) = preSolution
		HideSolutionNode = FALSE
	EndGlobalSection
	GlobalSection(ExtensibilityGlobals) = postSolution
		SolutionGuid = {5ACE9A40-14DC-4E54-A03A-8138D5CA7B5C}
	EndGlobalSection
EndGlobal
