
Microsoft Visual Studio Solution File, Format Version 12.00
# Visual Studio Version 17
VisualStudioVersion = 17.2.32519.379
MinimumVisualStudioVersion = 10.0.40219.1
Project("{FAE04EC0-301F-11D3-BF4B-00C04F79EFBC}") = "Libary", "Library\Libary.csproj", "{75AEFD8D-F246-4EF6-9182-64C31EEA55B2}"
EndProject
Project("{FAE04EC0-301F-11D3-BF4B-00C04F79EFBC}") = "IteratorsAndComparators", "LibraryIterator\IteratorsAndComparators.csproj", "{89576717-942E-473C-8B44-D57B317F4982}"
EndProject
Global
	GlobalSection(SolutionConfigurationPlatforms) = preSolution
		Debug|Any CPU = Debug|Any CPU
		Release|Any CPU = Release|Any CPU
	EndGlobalSection
	GlobalSection(ProjectConfigurationPlatforms) = postSolution
		{75AEFD8D-F246-4EF6-9182-64C31EEA55B2}.Debug|Any CPU.ActiveCfg = Debug|Any CPU
		{75AEFD8D-F246-4EF6-9182-64C31EEA55B2}.Debug|Any CPU.Build.0 = Debug|Any CPU
		{75AEFD8D-F246-4EF6-9182-64C31EEA55B2}.Release|Any CPU.ActiveCfg = Release|Any CPU
		{75AEFD8D-F246-4EF6-9182-64C31EEA55B2}.Release|Any CPU.Build.0 = Release|Any CPU
		{89576717-942E-473C-8B44-D57B317F4982}.Debug|Any CPU.ActiveCfg = Debug|Any CPU
		{89576717-942E-473C-8B44-D57B317F4982}.Debug|Any CPU.Build.0 = Debug|Any CPU
		{89576717-942E-473C-8B44-D57B317F4982}.Release|Any CPU.ActiveCfg = Release|Any CPU
		{89576717-942E-473C-8B44-D57B317F4982}.Release|Any CPU.Build.0 = Release|Any CPU
	EndGlobalSection
	GlobalSection(SolutionProperties) = preSolution
		HideSolutionNode = FALSE
	EndGlobalSection
	GlobalSection(ExtensibilityGlobals) = postSolution
		SolutionGuid = {166106FC-AED5-40B4-9E29-E28238D045EC}
	EndGlobalSection
EndGlobal
