
Microsoft Visual Studio Solution File, Format Version 12.00
# Visual Studio Version 17
VisualStudioVersion = 17.2.32519.379
MinimumVisualStudioVersion = 10.0.40219.1
Project("{FAE04EC0-301F-11D3-BF4B-00C04F79EFBC}") = "01-Day-of-Week", "01-Day-of-Week\01-Day-of-Week.csproj", "{1BA2773E-7F6B-4918-BE1D-49AD74A569C8}"
EndProject
Project("{FAE04EC0-301F-11D3-BF4B-00C04F79EFBC}") = "02-Print-Numbers-in-Reverse-Order", "02-Print-Numbers-in-Reverse-Order\02-Print-Numbers-in-Reverse-Order.csproj", "{84D3A894-9A7A-4234-BDDC-F523924EAEE0}"
EndProject
Project("{FAE04EC0-301F-11D3-BF4B-00C04F79EFBC}") = "03-Rounding-Numbers", "03-Rounding-Numbers\03-Rounding-Numbers.csproj", "{8B184D73-BB36-4068-A232-7BE16D42124E}"
EndProject
Project("{FAE04EC0-301F-11D3-BF4B-00C04F79EFBC}") = "04-Reverse-Array-of-Strings", "04-Reverse-Array-of-Strings\04-Reverse-Array-of-Strings.csproj", "{E4ACD75E-7C03-4E23-B6FA-9147A7090341}"
EndProject
Project("{FAE04EC0-301F-11D3-BF4B-00C04F79EFBC}") = "05-Sum-Even-Numbers", "05-Sum-Even-Numbers\05-Sum-Even-Numbers.csproj", "{A334A5FB-0AB1-4179-ACEA-C2699DB26231}"
EndProject
Project("{FAE04EC0-301F-11D3-BF4B-00C04F79EFBC}") = "06-Even-and-Odd-Subtraction", "06-Even-and-Odd-Subtraction\06-Even-and-Odd-Subtraction.csproj", "{6268AAD1-FE36-4BDD-8D4A-7A7DA0AD5ADC}"
EndProject
Project("{FAE04EC0-301F-11D3-BF4B-00C04F79EFBC}") = "07-Equal-Arrays", "07-Equal-Arrays\07-Equal-Arrays.csproj", "{F8D1C29B-CE4B-4E1E-9BBD-1C1D6AA2FF4F}"
EndProject
Project("{FAE04EC0-301F-11D3-BF4B-00C04F79EFBC}") = "08-Condense-Array-to-Number", "08-Condense-Array-to-Number\08-Condense-Array-to-Number.csproj", "{06E5AB4F-45F3-4CDA-A580-807CF2F029FC}"
EndProject
Global
	GlobalSection(SolutionConfigurationPlatforms) = preSolution
		Debug|Any CPU = Debug|Any CPU
		Release|Any CPU = Release|Any CPU
	EndGlobalSection
	GlobalSection(ProjectConfigurationPlatforms) = postSolution
		{1BA2773E-7F6B-4918-BE1D-49AD74A569C8}.Debug|Any CPU.ActiveCfg = Debug|Any CPU
		{1BA2773E-7F6B-4918-BE1D-49AD74A569C8}.Debug|Any CPU.Build.0 = Debug|Any CPU
		{1BA2773E-7F6B-4918-BE1D-49AD74A569C8}.Release|Any CPU.ActiveCfg = Release|Any CPU
		{1BA2773E-7F6B-4918-BE1D-49AD74A569C8}.Release|Any CPU.Build.0 = Release|Any CPU
		{84D3A894-9A7A-4234-BDDC-F523924EAEE0}.Debug|Any CPU.ActiveCfg = Debug|Any CPU
		{84D3A894-9A7A-4234-BDDC-F523924EAEE0}.Debug|Any CPU.Build.0 = Debug|Any CPU
		{84D3A894-9A7A-4234-BDDC-F523924EAEE0}.Release|Any CPU.ActiveCfg = Release|Any CPU
		{84D3A894-9A7A-4234-BDDC-F523924EAEE0}.Release|Any CPU.Build.0 = Release|Any CPU
		{8B184D73-BB36-4068-A232-7BE16D42124E}.Debug|Any CPU.ActiveCfg = Debug|Any CPU
		{8B184D73-BB36-4068-A232-7BE16D42124E}.Debug|Any CPU.Build.0 = Debug|Any CPU
		{8B184D73-BB36-4068-A232-7BE16D42124E}.Release|Any CPU.ActiveCfg = Release|Any CPU
		{8B184D73-BB36-4068-A232-7BE16D42124E}.Release|Any CPU.Build.0 = Release|Any CPU
		{E4ACD75E-7C03-4E23-B6FA-9147A7090341}.Debug|Any CPU.ActiveCfg = Debug|Any CPU
		{E4ACD75E-7C03-4E23-B6FA-9147A7090341}.Debug|Any CPU.Build.0 = Debug|Any CPU
		{E4ACD75E-7C03-4E23-B6FA-9147A7090341}.Release|Any CPU.ActiveCfg = Release|Any CPU
		{E4ACD75E-7C03-4E23-B6FA-9147A7090341}.Release|Any CPU.Build.0 = Release|Any CPU
		{A334A5FB-0AB1-4179-ACEA-C2699DB26231}.Debug|Any CPU.ActiveCfg = Debug|Any CPU
		{A334A5FB-0AB1-4179-ACEA-C2699DB26231}.Debug|Any CPU.Build.0 = Debug|Any CPU
		{A334A5FB-0AB1-4179-ACEA-C2699DB26231}.Release|Any CPU.ActiveCfg = Release|Any CPU
		{A334A5FB-0AB1-4179-ACEA-C2699DB26231}.Release|Any CPU.Build.0 = Release|Any CPU
		{6268AAD1-FE36-4BDD-8D4A-7A7DA0AD5ADC}.Debug|Any CPU.ActiveCfg = Debug|Any CPU
		{6268AAD1-FE36-4BDD-8D4A-7A7DA0AD5ADC}.Debug|Any CPU.Build.0 = Debug|Any CPU
		{6268AAD1-FE36-4BDD-8D4A-7A7DA0AD5ADC}.Release|Any CPU.ActiveCfg = Release|Any CPU
		{6268AAD1-FE36-4BDD-8D4A-7A7DA0AD5ADC}.Release|Any CPU.Build.0 = Release|Any CPU
		{F8D1C29B-CE4B-4E1E-9BBD-1C1D6AA2FF4F}.Debug|Any CPU.ActiveCfg = Debug|Any CPU
		{F8D1C29B-CE4B-4E1E-9BBD-1C1D6AA2FF4F}.Debug|Any CPU.Build.0 = Debug|Any CPU
		{F8D1C29B-CE4B-4E1E-9BBD-1C1D6AA2FF4F}.Release|Any CPU.ActiveCfg = Release|Any CPU
		{F8D1C29B-CE4B-4E1E-9BBD-1C1D6AA2FF4F}.Release|Any CPU.Build.0 = Release|Any CPU
		{06E5AB4F-45F3-4CDA-A580-807CF2F029FC}.Debug|Any CPU.ActiveCfg = Debug|Any CPU
		{06E5AB4F-45F3-4CDA-A580-807CF2F029FC}.Debug|Any CPU.Build.0 = Debug|Any CPU
		{06E5AB4F-45F3-4CDA-A580-807CF2F029FC}.Release|Any CPU.ActiveCfg = Release|Any CPU
		{06E5AB4F-45F3-4CDA-A580-807CF2F029FC}.Release|Any CPU.Build.0 = Release|Any CPU
	EndGlobalSection
	GlobalSection(SolutionProperties) = preSolution
		HideSolutionNode = FALSE
	EndGlobalSection
	GlobalSection(ExtensibilityGlobals) = postSolution
		SolutionGuid = {0BBB01A4-6CD8-4A72-8378-7452974448FF}
	EndGlobalSection
EndGlobal
