
Microsoft Visual Studio Solution File, Format Version 12.00
# Visual Studio Version 17
VisualStudioVersion = 17.2.32519.379
MinimumVisualStudioVersion = 10.0.40219.1
Project("{9A19103F-16F7-4668-BE54-9A1E7A4F7556}") = "01-Action-Print", "01-Action-Print\01-Action-Print.csproj", "{3497AE89-6A4B-4622-9F72-7673894A1E4A}"
EndProject
Project("{9A19103F-16F7-4668-BE54-9A1E7A4F7556}") = "02-Knights-of-Honor", "02-Knights-of-Honor\02-Knights-of-Honor.csproj", "{ADDC095B-7B40-4507-A580-53009312B8B0}"
EndProject
Project("{9A19103F-16F7-4668-BE54-9A1E7A4F7556}") = "03-Custom-Min-Function", "03-Custom-Min-Function\03-Custom-Min-Function.csproj", "{4226F939-6D51-4F2C-A7AF-118382D75A06}"
EndProject
Project("{9A19103F-16F7-4668-BE54-9A1E7A4F7556}") = "04-Find-Evens-or-Odds", "04-Find-Evens-or-Odds\04-Find-Evens-or-Odds.csproj", "{785720BF-6EA0-4407-A7AA-61F76553AC3B}"
EndProject
Project("{9A19103F-16F7-4668-BE54-9A1E7A4F7556}") = "05-Applied-Arithmetics", "05-Applied-Arithmetics\05-Applied-Arithmetics.csproj", "{E90364B4-BADA-41C4-B5E3-DE8111F796CD}"
EndProject
Project("{FAE04EC0-301F-11D3-BF4B-00C04F79EFBC}") = "06-Reverse-And-Exclude", "06-Reverse-And-Exclude\06-Reverse-And-Exclude.csproj", "{F6928AE6-0DB2-4E0C-B445-0E602E548487}"
EndProject
Project("{FAE04EC0-301F-11D3-BF4B-00C04F79EFBC}") = "07-Predicate-For-Names", "07-Predicate-For-Names\07-Predicate-For-Names.csproj", "{2930F65D-0202-4084-81AA-615EF90C4D89}"
EndProject
Project("{FAE04EC0-301F-11D3-BF4B-00C04F79EFBC}") = "08-List-Of-Predicates", "08-List-Of-Predicates\08-List-Of-Predicates.csproj", "{71EEB618-5193-4A14-B150-6871EFD2F22F}"
EndProject
Project("{FAE04EC0-301F-11D3-BF4B-00C04F79EFBC}") = "09-Predicate-Party!", "09-Predicate-Party!\09-Predicate-Party!.csproj", "{41C25747-4340-4E27-B591-24DB712DDC41}"
EndProject
Project("{FAE04EC0-301F-11D3-BF4B-00C04F79EFBC}") = "09-Predicate-Party!-1.1", "09-Predicate-Party!-1.1\09-Predicate-Party!-1.1.csproj", "{264FE5A7-8C68-4443-8D07-C9DC8CB6E0FF}"
EndProject
Project("{FAE04EC0-301F-11D3-BF4B-00C04F79EFBC}") = "10-The-Party-Reservation-Filter-Module", "10-The-Party-Reservation-Filter-Module\10-The-Party-Reservation-Filter-Module.csproj", "{BF982B2C-FA98-4C0A-BE08-244BC3C96062}"
EndProject
Project("{FAE04EC0-301F-11D3-BF4B-00C04F79EFBC}") = "11-TriFunction", "11-TriFunction\11-TriFunction.csproj", "{7AEC7AA3-CE67-4D30-944C-F30D33E2111D}"
EndProject
Global
	GlobalSection(SolutionConfigurationPlatforms) = preSolution
		Debug|Any CPU = Debug|Any CPU
		Release|Any CPU = Release|Any CPU
	EndGlobalSection
	GlobalSection(ProjectConfigurationPlatforms) = postSolution
		{3497AE89-6A4B-4622-9F72-7673894A1E4A}.Debug|Any CPU.ActiveCfg = Debug|Any CPU
		{3497AE89-6A4B-4622-9F72-7673894A1E4A}.Debug|Any CPU.Build.0 = Debug|Any CPU
		{3497AE89-6A4B-4622-9F72-7673894A1E4A}.Release|Any CPU.ActiveCfg = Release|Any CPU
		{3497AE89-6A4B-4622-9F72-7673894A1E4A}.Release|Any CPU.Build.0 = Release|Any CPU
		{ADDC095B-7B40-4507-A580-53009312B8B0}.Debug|Any CPU.ActiveCfg = Debug|Any CPU
		{ADDC095B-7B40-4507-A580-53009312B8B0}.Debug|Any CPU.Build.0 = Debug|Any CPU
		{ADDC095B-7B40-4507-A580-53009312B8B0}.Release|Any CPU.ActiveCfg = Release|Any CPU
		{ADDC095B-7B40-4507-A580-53009312B8B0}.Release|Any CPU.Build.0 = Release|Any CPU
		{4226F939-6D51-4F2C-A7AF-118382D75A06}.Debug|Any CPU.ActiveCfg = Debug|Any CPU
		{4226F939-6D51-4F2C-A7AF-118382D75A06}.Debug|Any CPU.Build.0 = Debug|Any CPU
		{4226F939-6D51-4F2C-A7AF-118382D75A06}.Release|Any CPU.ActiveCfg = Release|Any CPU
		{4226F939-6D51-4F2C-A7AF-118382D75A06}.Release|Any CPU.Build.0 = Release|Any CPU
		{785720BF-6EA0-4407-A7AA-61F76553AC3B}.Debug|Any CPU.ActiveCfg = Debug|Any CPU
		{785720BF-6EA0-4407-A7AA-61F76553AC3B}.Debug|Any CPU.Build.0 = Debug|Any CPU
		{785720BF-6EA0-4407-A7AA-61F76553AC3B}.Release|Any CPU.ActiveCfg = Release|Any CPU
		{785720BF-6EA0-4407-A7AA-61F76553AC3B}.Release|Any CPU.Build.0 = Release|Any CPU
		{E90364B4-BADA-41C4-B5E3-DE8111F796CD}.Debug|Any CPU.ActiveCfg = Debug|Any CPU
		{E90364B4-BADA-41C4-B5E3-DE8111F796CD}.Debug|Any CPU.Build.0 = Debug|Any CPU
		{E90364B4-BADA-41C4-B5E3-DE8111F796CD}.Release|Any CPU.ActiveCfg = Release|Any CPU
		{E90364B4-BADA-41C4-B5E3-DE8111F796CD}.Release|Any CPU.Build.0 = Release|Any CPU
		{F6928AE6-0DB2-4E0C-B445-0E602E548487}.Debug|Any CPU.ActiveCfg = Debug|Any CPU
		{F6928AE6-0DB2-4E0C-B445-0E602E548487}.Debug|Any CPU.Build.0 = Debug|Any CPU
		{F6928AE6-0DB2-4E0C-B445-0E602E548487}.Release|Any CPU.ActiveCfg = Release|Any CPU
		{F6928AE6-0DB2-4E0C-B445-0E602E548487}.Release|Any CPU.Build.0 = Release|Any CPU
		{2930F65D-0202-4084-81AA-615EF90C4D89}.Debug|Any CPU.ActiveCfg = Debug|Any CPU
		{2930F65D-0202-4084-81AA-615EF90C4D89}.Debug|Any CPU.Build.0 = Debug|Any CPU
		{2930F65D-0202-4084-81AA-615EF90C4D89}.Release|Any CPU.ActiveCfg = Release|Any CPU
		{2930F65D-0202-4084-81AA-615EF90C4D89}.Release|Any CPU.Build.0 = Release|Any CPU
		{71EEB618-5193-4A14-B150-6871EFD2F22F}.Debug|Any CPU.ActiveCfg = Debug|Any CPU
		{71EEB618-5193-4A14-B150-6871EFD2F22F}.Debug|Any CPU.Build.0 = Debug|Any CPU
		{71EEB618-5193-4A14-B150-6871EFD2F22F}.Release|Any CPU.ActiveCfg = Release|Any CPU
		{71EEB618-5193-4A14-B150-6871EFD2F22F}.Release|Any CPU.Build.0 = Release|Any CPU
		{41C25747-4340-4E27-B591-24DB712DDC41}.Debug|Any CPU.ActiveCfg = Debug|Any CPU
		{41C25747-4340-4E27-B591-24DB712DDC41}.Debug|Any CPU.Build.0 = Debug|Any CPU
		{41C25747-4340-4E27-B591-24DB712DDC41}.Release|Any CPU.ActiveCfg = Release|Any CPU
		{41C25747-4340-4E27-B591-24DB712DDC41}.Release|Any CPU.Build.0 = Release|Any CPU
		{264FE5A7-8C68-4443-8D07-C9DC8CB6E0FF}.Debug|Any CPU.ActiveCfg = Debug|Any CPU
		{264FE5A7-8C68-4443-8D07-C9DC8CB6E0FF}.Debug|Any CPU.Build.0 = Debug|Any CPU
		{264FE5A7-8C68-4443-8D07-C9DC8CB6E0FF}.Release|Any CPU.ActiveCfg = Release|Any CPU
		{264FE5A7-8C68-4443-8D07-C9DC8CB6E0FF}.Release|Any CPU.Build.0 = Release|Any CPU
		{BF982B2C-FA98-4C0A-BE08-244BC3C96062}.Debug|Any CPU.ActiveCfg = Debug|Any CPU
		{BF982B2C-FA98-4C0A-BE08-244BC3C96062}.Debug|Any CPU.Build.0 = Debug|Any CPU
		{BF982B2C-FA98-4C0A-BE08-244BC3C96062}.Release|Any CPU.ActiveCfg = Release|Any CPU
		{BF982B2C-FA98-4C0A-BE08-244BC3C96062}.Release|Any CPU.Build.0 = Release|Any CPU
		{7AEC7AA3-CE67-4D30-944C-F30D33E2111D}.Debug|Any CPU.ActiveCfg = Debug|Any CPU
		{7AEC7AA3-CE67-4D30-944C-F30D33E2111D}.Debug|Any CPU.Build.0 = Debug|Any CPU
		{7AEC7AA3-CE67-4D30-944C-F30D33E2111D}.Release|Any CPU.ActiveCfg = Release|Any CPU
		{7AEC7AA3-CE67-4D30-944C-F30D33E2111D}.Release|Any CPU.Build.0 = Release|Any CPU
	EndGlobalSection
	GlobalSection(SolutionProperties) = preSolution
		HideSolutionNode = FALSE
	EndGlobalSection
	GlobalSection(ExtensibilityGlobals) = postSolution
		SolutionGuid = {7127A18C-779A-4188-B877-D5DE9E6DDFD2}
	EndGlobalSection
EndGlobal
