
Microsoft Visual Studio Solution File, Format Version 12.00
# Visual Studio Version 17
VisualStudioVersion = 17.4.33110.190
MinimumVisualStudioVersion = 10.0.40219.1
Project("{9A19103F-16F7-4668-BE54-9A1E7A4F7556}") = "PlanetWars", "01-Structure\PlanetWars.csproj", "{6E12A638-67B5-432F-9B5B-74AF3C9E6F83}"
EndProject
Global
	GlobalSection(SolutionConfigurationPlatforms) = preSolution
		Debug|Any CPU = Debug|Any CPU
		Release|Any CPU = Release|Any CPU
	EndGlobalSection
	GlobalSection(ProjectConfigurationPlatforms) = postSolution
		{6E12A638-67B5-432F-9B5B-74AF3C9E6F83}.Debug|Any CPU.ActiveCfg = Debug|Any CPU
		{6E12A638-67B5-432F-9B5B-74AF3C9E6F83}.Debug|Any CPU.Build.0 = Debug|Any CPU
		{6E12A638-67B5-432F-9B5B-74AF3C9E6F83}.Release|Any CPU.ActiveCfg = Release|Any CPU
		{6E12A638-67B5-432F-9B5B-74AF3C9E6F83}.Release|Any CPU.Build.0 = Release|Any CPU
	EndGlobalSection
	GlobalSection(SolutionProperties) = preSolution
		HideSolutionNode = FALSE
	EndGlobalSection
	GlobalSection(ExtensibilityGlobals) = postSolution
		SolutionGuid = {E82522D6-3E0F-4701-B1B0-5B5E4B66BC4B}
	EndGlobalSection
EndGlobal
