
Microsoft Visual Studio Solution File, Format Version 12.00
# Visual Studio Version 17
VisualStudioVersion = 17.2.32519.379
MinimumVisualStudioVersion = 10.0.40219.1
Project("{FAE04EC0-301F-11D3-BF4B-00C04F79EFBC}") = "01-Sum-Adjacent-Equal-Numbers", "01-Sum-Adjacent-Equal-Numbers\01-Sum-Adjacent-Equal-Numbers.csproj", "{9C1256EB-2E0B-41C2-B6C7-1D61DAA96BC5}"
EndProject
Project("{FAE04EC0-301F-11D3-BF4B-00C04F79EFBC}") = "2-Gauss-Trick", "2-Gauss-Trick\2-Gauss-Trick.csproj", "{1387C9D5-2400-4BD1-8710-D56DE516C79C}"
EndProject
Project("{FAE04EC0-301F-11D3-BF4B-00C04F79EFBC}") = "3-Merging-Lists", "3-Merging-Lists\3-Merging-Lists.csproj", "{734029CC-2D53-47EB-94B1-DD5E639BA70F}"
EndProject
Project("{FAE04EC0-301F-11D3-BF4B-00C04F79EFBC}") = "4-List-of-Products", "4-List-of-Products\4-List-of-Products.csproj", "{8D91022A-CA35-4417-B823-0BCB6E516C5E}"
EndProject
Global
	GlobalSection(SolutionConfigurationPlatforms) = preSolution
		Debug|Any CPU = Debug|Any CPU
		Release|Any CPU = Release|Any CPU
	EndGlobalSection
	GlobalSection(ProjectConfigurationPlatforms) = postSolution
		{9C1256EB-2E0B-41C2-B6C7-1D61DAA96BC5}.Debug|Any CPU.ActiveCfg = Debug|Any CPU
		{9C1256EB-2E0B-41C2-B6C7-1D61DAA96BC5}.Debug|Any CPU.Build.0 = Debug|Any CPU
		{9C1256EB-2E0B-41C2-B6C7-1D61DAA96BC5}.Release|Any CPU.ActiveCfg = Release|Any CPU
		{9C1256EB-2E0B-41C2-B6C7-1D61DAA96BC5}.Release|Any CPU.Build.0 = Release|Any CPU
		{1387C9D5-2400-4BD1-8710-D56DE516C79C}.Debug|Any CPU.ActiveCfg = Debug|Any CPU
		{1387C9D5-2400-4BD1-8710-D56DE516C79C}.Debug|Any CPU.Build.0 = Debug|Any CPU
		{1387C9D5-2400-4BD1-8710-D56DE516C79C}.Release|Any CPU.ActiveCfg = Release|Any CPU
		{1387C9D5-2400-4BD1-8710-D56DE516C79C}.Release|Any CPU.Build.0 = Release|Any CPU
		{734029CC-2D53-47EB-94B1-DD5E639BA70F}.Debug|Any CPU.ActiveCfg = Debug|Any CPU
		{734029CC-2D53-47EB-94B1-DD5E639BA70F}.Debug|Any CPU.Build.0 = Debug|Any CPU
		{734029CC-2D53-47EB-94B1-DD5E639BA70F}.Release|Any CPU.ActiveCfg = Release|Any CPU
		{734029CC-2D53-47EB-94B1-DD5E639BA70F}.Release|Any CPU.Build.0 = Release|Any CPU
		{8D91022A-CA35-4417-B823-0BCB6E516C5E}.Debug|Any CPU.ActiveCfg = Debug|Any CPU
		{8D91022A-CA35-4417-B823-0BCB6E516C5E}.Debug|Any CPU.Build.0 = Debug|Any CPU
		{8D91022A-CA35-4417-B823-0BCB6E516C5E}.Release|Any CPU.ActiveCfg = Release|Any CPU
		{8D91022A-CA35-4417-B823-0BCB6E516C5E}.Release|Any CPU.Build.0 = Release|Any CPU
	EndGlobalSection
	GlobalSection(SolutionProperties) = preSolution
		HideSolutionNode = FALSE
	EndGlobalSection
	GlobalSection(ExtensibilityGlobals) = postSolution
		SolutionGuid = {2A232DC2-DCF5-4210-8F8D-92D16A1A0FAF}
	EndGlobalSection
EndGlobal
