
Microsoft Visual Studio Solution File, Format Version 12.00
# Visual Studio Version 17
VisualStudioVersion = 17.4.33122.133
MinimumVisualStudioVersion = 10.0.40219.1
Project("{FAE04EC0-301F-11D3-BF4B-00C04F79EFBC}") = "02-Villain-Names", "02-Villain-Names\02-Villain-Names.csproj", "{642ECC5F-81FC-40CC-836E-4A53F6B4DFEF}"
EndProject
Project("{FAE04EC0-301F-11D3-BF4B-00C04F79EFBC}") = "03-Minion-Names", "03-Minion-Names\03-Minion-Names.csproj", "{A46AA484-B45E-4D70-9858-A092E328BB5B}"
EndProject
Global
	GlobalSection(SolutionConfigurationPlatforms) = preSolution
		Debug|Any CPU = Debug|Any CPU
		Release|Any CPU = Release|Any CPU
	EndGlobalSection
	GlobalSection(ProjectConfigurationPlatforms) = postSolution
		{642ECC5F-81FC-40CC-836E-4A53F6B4DFEF}.Debug|Any CPU.ActiveCfg = Debug|Any CPU
		{642ECC5F-81FC-40CC-836E-4A53F6B4DFEF}.Debug|Any CPU.Build.0 = Debug|Any CPU
		{642ECC5F-81FC-40CC-836E-4A53F6B4DFEF}.Release|Any CPU.ActiveCfg = Release|Any CPU
		{642ECC5F-81FC-40CC-836E-4A53F6B4DFEF}.Release|Any CPU.Build.0 = Release|Any CPU
		{A46AA484-B45E-4D70-9858-A092E328BB5B}.Debug|Any CPU.ActiveCfg = Debug|Any CPU
		{A46AA484-B45E-4D70-9858-A092E328BB5B}.Debug|Any CPU.Build.0 = Debug|Any CPU
		{A46AA484-B45E-4D70-9858-A092E328BB5B}.Release|Any CPU.ActiveCfg = Release|Any CPU
		{A46AA484-B45E-4D70-9858-A092E328BB5B}.Release|Any CPU.Build.0 = Release|Any CPU
	EndGlobalSection
	GlobalSection(SolutionProperties) = preSolution
		HideSolutionNode = FALSE
	EndGlobalSection
	GlobalSection(ExtensibilityGlobals) = postSolution
		SolutionGuid = {FC12BAF9-35A4-4B78-8C34-1B936E404FCC}
	EndGlobalSection
EndGlobal
