
Microsoft Visual Studio Solution File, Format Version 12.00
# Visual Studio Version 17
VisualStudioVersion = 17.2.32519.379
MinimumVisualStudioVersion = 10.0.40219.1
Project("{9A19103F-16F7-4668-BE54-9A1E7A4F7556}") = "01BaristaContest", "BaristaContest\01BaristaContest.csproj", "{A43E3E88-C2DB-4D8A-A105-A71603BCD584}"
EndProject
Project("{9A19103F-16F7-4668-BE54-9A1E7A4F7556}") = "02Help-A-Mole", "Help-A-Mole\02Help-A-Mole.csproj", "{366F9590-6E37-4021-85B2-6AA95238BE13}"
EndProject
Project("{9A19103F-16F7-4668-BE54-9A1E7A4F7556}") = "03Basketball", "BasketBall\03Basketball.csproj", "{43790FBC-206B-4180-B59C-58096BCE69FB}"
EndProject
Project("{9A19103F-16F7-4668-BE54-9A1E7A4F7556}") = "01TilesMaster", "TilesMaster\01TilesMaster.csproj", "{BEE8F857-8912-4858-AFC3-7B097570726E}"
EndProject
Project("{9A19103F-16F7-4668-BE54-9A1E7A4F7556}") = "02WallDestroyer", "WallDestroyer\02WallDestroyer.csproj", "{E9DC110E-CC23-40EE-A18F-4085E5C01D17}"
EndProject
Project("{9A19103F-16F7-4668-BE54-9A1E7A4F7556}") = "03Renovators", "Renovators\03Renovators.csproj", "{BDC7F710-E984-4DEC-9998-E8D5FF1E2B88}"
EndProject
Project("{9A19103F-16F7-4668-BE54-9A1E7A4F7556}") = "01MealPlan", "MealPlan\01MealPlan.csproj", "{2A46F712-B515-45D8-869E-69425E65F251}"
EndProject
Project("{9A19103F-16F7-4668-BE54-9A1E7A4F7556}") = "02TruffleHunter", "TruffleHunter\02TruffleHunter.csproj", "{71BD5CF7-F27B-45CF-BD2A-457E3D5C1B74}"
EndProject
Project("{9A19103F-16F7-4668-BE54-9A1E7A4F7556}") = "03Zoo", "Zoo\03Zoo.csproj", "{1BF264E8-628E-4A40-9B4F-7D473C14764A}"
EndProject
Project("{FAE04EC0-301F-11D3-BF4B-00C04F79EFBC}") = "01BakeryShop", "BakeryShop\01BakeryShop.csproj", "{8C882B04-9AA4-45D1-8970-3984F74D0709}"
EndProject
Project("{FAE04EC0-301F-11D3-BF4B-00C04F79EFBC}") = "BeaverAtWork", "BeaverAtWork\BeaverAtWork.csproj", "{8F9048AA-60C8-4404-A11A-22A42FAC723C}"
EndProject
Project("{9A19103F-16F7-4668-BE54-9A1E7A4F7556}") = "03FishingNet", "FishingNet\03FishingNet.csproj", "{CEDD5207-7E52-4980-9533-4FCD9C72EE83}"
EndProject
Project("{FAE04EC0-301F-11D3-BF4B-00C04F79EFBC}") = "Blacksmith", "Blacksmith\Blacksmith.csproj", "{3A2A6BEE-1D2B-4C91-80FB-095D86E2141F}"
EndProject
Global
	GlobalSection(SolutionConfigurationPlatforms) = preSolution
		Debug|Any CPU = Debug|Any CPU
		Release|Any CPU = Release|Any CPU
	EndGlobalSection
	GlobalSection(ProjectConfigurationPlatforms) = postSolution
		{A43E3E88-C2DB-4D8A-A105-A71603BCD584}.Debug|Any CPU.ActiveCfg = Debug|Any CPU
		{A43E3E88-C2DB-4D8A-A105-A71603BCD584}.Debug|Any CPU.Build.0 = Debug|Any CPU
		{A43E3E88-C2DB-4D8A-A105-A71603BCD584}.Release|Any CPU.ActiveCfg = Release|Any CPU
		{A43E3E88-C2DB-4D8A-A105-A71603BCD584}.Release|Any CPU.Build.0 = Release|Any CPU
		{366F9590-6E37-4021-85B2-6AA95238BE13}.Debug|Any CPU.ActiveCfg = Debug|Any CPU
		{366F9590-6E37-4021-85B2-6AA95238BE13}.Debug|Any CPU.Build.0 = Debug|Any CPU
		{366F9590-6E37-4021-85B2-6AA95238BE13}.Release|Any CPU.ActiveCfg = Release|Any CPU
		{366F9590-6E37-4021-85B2-6AA95238BE13}.Release|Any CPU.Build.0 = Release|Any CPU
		{43790FBC-206B-4180-B59C-58096BCE69FB}.Debug|Any CPU.ActiveCfg = Debug|Any CPU
		{43790FBC-206B-4180-B59C-58096BCE69FB}.Debug|Any CPU.Build.0 = Debug|Any CPU
		{43790FBC-206B-4180-B59C-58096BCE69FB}.Release|Any CPU.ActiveCfg = Release|Any CPU
		{43790FBC-206B-4180-B59C-58096BCE69FB}.Release|Any CPU.Build.0 = Release|Any CPU
		{BEE8F857-8912-4858-AFC3-7B097570726E}.Debug|Any CPU.ActiveCfg = Debug|Any CPU
		{BEE8F857-8912-4858-AFC3-7B097570726E}.Debug|Any CPU.Build.0 = Debug|Any CPU
		{BEE8F857-8912-4858-AFC3-7B097570726E}.Release|Any CPU.ActiveCfg = Release|Any CPU
		{BEE8F857-8912-4858-AFC3-7B097570726E}.Release|Any CPU.Build.0 = Release|Any CPU
		{E9DC110E-CC23-40EE-A18F-4085E5C01D17}.Debug|Any CPU.ActiveCfg = Debug|Any CPU
		{E9DC110E-CC23-40EE-A18F-4085E5C01D17}.Debug|Any CPU.Build.0 = Debug|Any CPU
		{E9DC110E-CC23-40EE-A18F-4085E5C01D17}.Release|Any CPU.ActiveCfg = Release|Any CPU
		{E9DC110E-CC23-40EE-A18F-4085E5C01D17}.Release|Any CPU.Build.0 = Release|Any CPU
		{BDC7F710-E984-4DEC-9998-E8D5FF1E2B88}.Debug|Any CPU.ActiveCfg = Debug|Any CPU
		{BDC7F710-E984-4DEC-9998-E8D5FF1E2B88}.Debug|Any CPU.Build.0 = Debug|Any CPU
		{BDC7F710-E984-4DEC-9998-E8D5FF1E2B88}.Release|Any CPU.ActiveCfg = Release|Any CPU
		{BDC7F710-E984-4DEC-9998-E8D5FF1E2B88}.Release|Any CPU.Build.0 = Release|Any CPU
		{2A46F712-B515-45D8-869E-69425E65F251}.Debug|Any CPU.ActiveCfg = Debug|Any CPU
		{2A46F712-B515-45D8-869E-69425E65F251}.Debug|Any CPU.Build.0 = Debug|Any CPU
		{2A46F712-B515-45D8-869E-69425E65F251}.Release|Any CPU.ActiveCfg = Release|Any CPU
		{2A46F712-B515-45D8-869E-69425E65F251}.Release|Any CPU.Build.0 = Release|Any CPU
		{71BD5CF7-F27B-45CF-BD2A-457E3D5C1B74}.Debug|Any CPU.ActiveCfg = Debug|Any CPU
		{71BD5CF7-F27B-45CF-BD2A-457E3D5C1B74}.Debug|Any CPU.Build.0 = Debug|Any CPU
		{71BD5CF7-F27B-45CF-BD2A-457E3D5C1B74}.Release|Any CPU.ActiveCfg = Release|Any CPU
		{71BD5CF7-F27B-45CF-BD2A-457E3D5C1B74}.Release|Any CPU.Build.0 = Release|Any CPU
		{1BF264E8-628E-4A40-9B4F-7D473C14764A}.Debug|Any CPU.ActiveCfg = Debug|Any CPU
		{1BF264E8-628E-4A40-9B4F-7D473C14764A}.Debug|Any CPU.Build.0 = Debug|Any CPU
		{1BF264E8-628E-4A40-9B4F-7D473C14764A}.Release|Any CPU.ActiveCfg = Release|Any CPU
		{1BF264E8-628E-4A40-9B4F-7D473C14764A}.Release|Any CPU.Build.0 = Release|Any CPU
		{8C882B04-9AA4-45D1-8970-3984F74D0709}.Debug|Any CPU.ActiveCfg = Debug|Any CPU
		{8C882B04-9AA4-45D1-8970-3984F74D0709}.Debug|Any CPU.Build.0 = Debug|Any CPU
		{8C882B04-9AA4-45D1-8970-3984F74D0709}.Release|Any CPU.ActiveCfg = Release|Any CPU
		{8C882B04-9AA4-45D1-8970-3984F74D0709}.Release|Any CPU.Build.0 = Release|Any CPU
		{8F9048AA-60C8-4404-A11A-22A42FAC723C}.Debug|Any CPU.ActiveCfg = Debug|Any CPU
		{8F9048AA-60C8-4404-A11A-22A42FAC723C}.Debug|Any CPU.Build.0 = Debug|Any CPU
		{8F9048AA-60C8-4404-A11A-22A42FAC723C}.Release|Any CPU.ActiveCfg = Release|Any CPU
		{8F9048AA-60C8-4404-A11A-22A42FAC723C}.Release|Any CPU.Build.0 = Release|Any CPU
		{CEDD5207-7E52-4980-9533-4FCD9C72EE83}.Debug|Any CPU.ActiveCfg = Debug|Any CPU
		{CEDD5207-7E52-4980-9533-4FCD9C72EE83}.Debug|Any CPU.Build.0 = Debug|Any CPU
		{CEDD5207-7E52-4980-9533-4FCD9C72EE83}.Release|Any CPU.ActiveCfg = Release|Any CPU
		{CEDD5207-7E52-4980-9533-4FCD9C72EE83}.Release|Any CPU.Build.0 = Release|Any CPU
		{3A2A6BEE-1D2B-4C91-80FB-095D86E2141F}.Debug|Any CPU.ActiveCfg = Debug|Any CPU
		{3A2A6BEE-1D2B-4C91-80FB-095D86E2141F}.Debug|Any CPU.Build.0 = Debug|Any CPU
		{3A2A6BEE-1D2B-4C91-80FB-095D86E2141F}.Release|Any CPU.ActiveCfg = Release|Any CPU
		{3A2A6BEE-1D2B-4C91-80FB-095D86E2141F}.Release|Any CPU.Build.0 = Release|Any CPU
	EndGlobalSection
	GlobalSection(SolutionProperties) = preSolution
		HideSolutionNode = FALSE
	EndGlobalSection
	GlobalSection(ExtensibilityGlobals) = postSolution
		SolutionGuid = {2BC7A62D-A120-45B3-9D4F-3B3AC046C775}
	EndGlobalSection
EndGlobal
